
Microsoft Visual Studio Solution File, Format Version 12.00
# Visual Studio 15
VisualStudioVersion = 15.0.27130.2020
MinimumVisualStudioVersion = 10.0.40219.1
Project("{FAE04EC0-301F-11D3-BF4B-00C04F79EFBC}") = "Parse_Changed", "Parse_Changed\Parse_Changed.csproj", "{43BB0B68-7AFD-4B2D-9136-D093EF2D547D}"
EndProject
Global
	GlobalSection(SolutionConfigurationPlatforms) = preSolution
		Debug|Any CPU = Debug|Any CPU
		Release|Any CPU = Release|Any CPU
	EndGlobalSection
	GlobalSection(ProjectConfigurationPlatforms) = postSolution
		{43BB0B68-7AFD-4B2D-9136-D093EF2D547D}.Debug|Any CPU.ActiveCfg = Debug|Any CPU
		{43BB0B68-7AFD-4B2D-9136-D093EF2D547D}.Debug|Any CPU.Build.0 = Debug|Any CPU
		{43BB0B68-7AFD-4B2D-9136-D093EF2D547D}.Release|Any CPU.ActiveCfg = Release|Any CPU
		{43BB0B68-7AFD-4B2D-9136-D093EF2D547D}.Release|Any CPU.Build.0 = Release|Any CPU
	EndGlobalSection
	GlobalSection(SolutionProperties) = preSolution
		HideSolutionNode = FALSE
	EndGlobalSection
	GlobalSection(ExtensibilityGlobals) = postSolution
		SolutionGuid = {76BBE685-24B9-422B-BC37-03CDB16A3B24}
	EndGlobalSection
EndGlobal
